// !$*UTF8*$!
{
	archiveVersion = 1;
	classes = {
	};
	objectVersion = 55;
	objects = {

/* Begin PBXBuildFile section */
		5D511BBE279E533C00FB9EBF /* FavoriteButton.swift in Sources */ = {isa = PBXBuildFile; fileRef = 5D511BBD279E533C00FB9EBF /* FavoriteButton.swift */; };
		5DCEE6EE275CCC6500C705AE /* SwiftUITestApp.swift in Sources */ = {isa = PBXBuildFile; fileRef = 5DCEE6ED275CCC6500C705AE /* SwiftUITestApp.swift */; };
		5DCEE6F0275CCC6500C705AE /* ContentView.swift in Sources */ = {isa = PBXBuildFile; fileRef = 5DCEE6EF275CCC6500C705AE /* ContentView.swift */; };
		5DCEE6F2275CCC6500C705AE /* Assets.xcassets in Resources */ = {isa = PBXBuildFile; fileRef = 5DCEE6F1275CCC6500C705AE /* Assets.xcassets */; };
		5DCEE6F5275CCC6500C705AE /* Preview Assets.xcassets in Resources */ = {isa = PBXBuildFile; fileRef = 5DCEE6F4275CCC6500C705AE /* Preview Assets.xcassets */; };
		5DCEE6FF275CCC6500C705AE /* SwiftUITestTests.swift in Sources */ = {isa = PBXBuildFile; fileRef = 5DCEE6FE275CCC6500C705AE /* SwiftUITestTests.swift */; };
		5DCEE709275CCC6600C705AE /* SwiftUITestUITests.swift in Sources */ = {isa = PBXBuildFile; fileRef = 5DCEE708275CCC6600C705AE /* SwiftUITestUITests.swift */; };
		5DCEE70B275CCC6600C705AE /* SwiftUITestUITestsLaunchTests.swift in Sources */ = {isa = PBXBuildFile; fileRef = 5DCEE70A275CCC6600C705AE /* SwiftUITestUITestsLaunchTests.swift */; };
		5DCEE718275CEC2300C705AE /* CircleImage.swift in Sources */ = {isa = PBXBuildFile; fileRef = 5DCEE717275CEC2300C705AE /* CircleImage.swift */; };
		5DCEE71A275CF88600C705AE /* MapView.swift in Sources */ = {isa = PBXBuildFile; fileRef = 5DCEE719275CF88600C705AE /* MapView.swift */; };
		5DCEE71C275CFDAC00C705AE /* Landmark.swift in Sources */ = {isa = PBXBuildFile; fileRef = 5DCEE71B275CFDAC00C705AE /* Landmark.swift */; };
		5DCEE71E275CFF3600C705AE /* landmarkData.json in Resources */ = {isa = PBXBuildFile; fileRef = 5DCEE71D275CFF3600C705AE /* landmarkData.json */; };
		5DCEE720275D003B00C705AE /* ModelData.swift in Sources */ = {isa = PBXBuildFile; fileRef = 5DCEE71F275D003B00C705AE /* ModelData.swift */; };
		5DCEE7C32761DA7300C705AE /* LandmarkRow.swift in Sources */ = {isa = PBXBuildFile; fileRef = 5DCEE7C22761DA7300C705AE /* LandmarkRow.swift */; };
		5DCEE7C52761DC3500C705AE /* LandmarkList.swift in Sources */ = {isa = PBXBuildFile; fileRef = 5DCEE7C42761DC3500C705AE /* LandmarkList.swift */; };
		5DCEE7C72761E52F00C705AE /* LandmarkDetail.swift in Sources */ = {isa = PBXBuildFile; fileRef = 5DCEE7C62761E52F00C705AE /* LandmarkDetail.swift */; };
/* End PBXBuildFile section */

/* Begin PBXContainerItemProxy section */
		5DCEE6FB275CCC6500C705AE /* PBXContainerItemProxy */ = {
			isa = PBXContainerItemProxy;
			containerPortal = 5DCEE6E2275CCC6500C705AE /* Project object */;
			proxyType = 1;
			remoteGlobalIDString = 5DCEE6E9275CCC6500C705AE;
			remoteInfo = SwiftUITest;
		};
		5DCEE705275CCC6600C705AE /* PBXContainerItemProxy */ = {
			isa = PBXContainerItemProxy;
			containerPortal = 5DCEE6E2275CCC6500C705AE /* Project object */;
			proxyType = 1;
			remoteGlobalIDString = 5DCEE6E9275CCC6500C705AE;
			remoteInfo = SwiftUITest;
		};
/* End PBXContainerItemProxy section */

/* Begin PBXFileReference section */
		5D511BBD279E533C00FB9EBF /* FavoriteButton.swift */ = {isa = PBXFileReference; lastKnownFileType = sourcecode.swift; path = FavoriteButton.swift; sourceTree = "<group>"; };
		5DCEE6EA275CCC6500C705AE /* SwiftUITest.app */ = {isa = PBXFileReference; explicitFileType = wrapper.application; includeInIndex = 0; path = SwiftUITest.app; sourceTree = BUILT_PRODUCTS_DIR; };
		5DCEE6ED275CCC6500C705AE /* SwiftUITestApp.swift */ = {isa = PBXFileReference; lastKnownFileType = sourcecode.swift; path = SwiftUITestApp.swift; sourceTree = "<group>"; usesTabs = 1; };
		5DCEE6EF275CCC6500C705AE /* ContentView.swift */ = {isa = PBXFileReference; lastKnownFileType = sourcecode.swift; path = ContentView.swift; sourceTree = "<group>"; usesTabs = 1; };
		5DCEE6F1275CCC6500C705AE /* Assets.xcassets */ = {isa = PBXFileReference; lastKnownFileType = folder.assetcatalog; path = Assets.xcassets; sourceTree = "<group>"; };
		5DCEE6F4275CCC6500C705AE /* Preview Assets.xcassets */ = {isa = PBXFileReference; lastKnownFileType = folder.assetcatalog; path = "Preview Assets.xcassets"; sourceTree = "<group>"; };
		5DCEE6FA275CCC6500C705AE /* SwiftUITestTests.xctest */ = {isa = PBXFileReference; explicitFileType = wrapper.cfbundle; includeInIndex = 0; path = SwiftUITestTests.xctest; sourceTree = BUILT_PRODUCTS_DIR; };
		5DCEE6FE275CCC6500C705AE /* SwiftUITestTests.swift */ = {isa = PBXFileReference; lastKnownFileType = sourcecode.swift; path = SwiftUITestTests.swift; sourceTree = "<group>"; };
		5DCEE704275CCC6600C705AE /* SwiftUITestUITests.xctest */ = {isa = PBXFileReference; explicitFileType = wrapper.cfbundle; includeInIndex = 0; path = SwiftUITestUITests.xctest; sourceTree = BUILT_PRODUCTS_DIR; };
		5DCEE708275CCC6600C705AE /* SwiftUITestUITests.swift */ = {isa = PBXFileReference; lastKnownFileType = sourcecode.swift; path = SwiftUITestUITests.swift; sourceTree = "<group>"; };
		5DCEE70A275CCC6600C705AE /* SwiftUITestUITestsLaunchTests.swift */ = {isa = PBXFileReference; lastKnownFileType = sourcecode.swift; path = SwiftUITestUITestsLaunchTests.swift; sourceTree = "<group>"; };
		5DCEE717275CEC2300C705AE /* CircleImage.swift */ = {isa = PBXFileReference; lastKnownFileType = sourcecode.swift; path = CircleImage.swift; sourceTree = "<group>"; };
		5DCEE719275CF88600C705AE /* MapView.swift */ = {isa = PBXFileReference; lastKnownFileType = sourcecode.swift; path = MapView.swift; sourceTree = "<group>"; };
		5DCEE71B275CFDAC00C705AE /* Landmark.swift */ = {isa = PBXFileReference; lastKnownFileType = sourcecode.swift; path = Landmark.swift; sourceTree = "<group>"; };
		5DCEE71D275CFF3600C705AE /* landmarkData.json */ = {isa = PBXFileReference; fileEncoding = 4; lastKnownFileType = text.json; path = landmarkData.json; sourceTree = "<group>"; };
		5DCEE71F275D003B00C705AE /* ModelData.swift */ = {isa = PBXFileReference; lastKnownFileType = sourcecode.swift; path = ModelData.swift; sourceTree = "<group>"; };
		5DCEE7C22761DA7300C705AE /* LandmarkRow.swift */ = {isa = PBXFileReference; lastKnownFileType = sourcecode.swift; path = LandmarkRow.swift; sourceTree = "<group>"; };
		5DCEE7C42761DC3500C705AE /* LandmarkList.swift */ = {isa = PBXFileReference; lastKnownFileType = sourcecode.swift; path = LandmarkList.swift; sourceTree = "<group>"; };
		5DCEE7C62761E52F00C705AE /* LandmarkDetail.swift */ = {isa = PBXFileReference; lastKnownFileType = sourcecode.swift; path = LandmarkDetail.swift; sourceTree = "<group>"; usesTabs = 1; };
/* End PBXFileReference section */

/* Begin PBXFrameworksBuildPhase section */
		5DCEE6E7275CCC6500C705AE /* Frameworks */ = {
			isa = PBXFrameworksBuildPhase;
			buildActionMask = 2147483647;
			files = (
			);
			runOnlyForDeploymentPostprocessing = 0;
		};
		5DCEE6F7275CCC6500C705AE /* Frameworks */ = {
			isa = PBXFrameworksBuildPhase;
			buildActionMask = 2147483647;
			files = (
			);
			runOnlyForDeploymentPostprocessing = 0;
		};
		5DCEE701275CCC6600C705AE /* Frameworks */ = {
			isa = PBXFrameworksBuildPhase;
			buildActionMask = 2147483647;
			files = (
			);
			runOnlyForDeploymentPostprocessing = 0;
		};
/* End PBXFrameworksBuildPhase section */

/* Begin PBXGroup section */
		5D511BC0279E887000FB9EBF /* Helpers */ = {
			isa = PBXGroup;
			children = (
				5DCEE719275CF88600C705AE /* MapView.swift */,
				5DCEE717275CEC2300C705AE /* CircleImage.swift */,
				5D511BBD279E533C00FB9EBF /* FavoriteButton.swift */,
			);
			path = Helpers;
			sourceTree = "<group>";
		};
		5D511BC1279E88ED00FB9EBF /* Landmark */ = {
			isa = PBXGroup;
			children = (
				5DCEE7C42761DC3500C705AE /* LandmarkList.swift */,
				5DCEE7C22761DA7300C705AE /* LandmarkRow.swift */,
				5DCEE7C62761E52F00C705AE /* LandmarkDetail.swift */,
			);
			path = Landmark;
			sourceTree = "<group>";
		};
		5DCEE6E1275CCC6500C705AE = {
			isa = PBXGroup;
			children = (
				5DCEE6EC275CCC6500C705AE /* SwiftUITest */,
				5DCEE6FD275CCC6500C705AE /* SwiftUITestTests */,
				5DCEE707275CCC6600C705AE /* SwiftUITestUITests */,
				5DCEE6EB275CCC6500C705AE /* Products */,
			);
			sourceTree = "<group>";
		};
		5DCEE6EB275CCC6500C705AE /* Products */ = {
			isa = PBXGroup;
			children = (
				5DCEE6EA275CCC6500C705AE /* SwiftUITest.app */,
				5DCEE6FA275CCC6500C705AE /* SwiftUITestTests.xctest */,
				5DCEE704275CCC6600C705AE /* SwiftUITestUITests.xctest */,
			);
			name = Products;
			sourceTree = "<group>";
		};
		5DCEE6EC275CCC6500C705AE /* SwiftUITest */ = {
			isa = PBXGroup;
			children = (
				5DCEE6ED275CCC6500C705AE /* SwiftUITestApp.swift */,
				5DCEE7BF2761DA2800C705AE /* Views */,
				5DCEE7C02761DA3400C705AE /* Model */,
				5DCEE7C12761DA4A00C705AE /* Resource */,
				5DCEE6F1275CCC6500C705AE /* Assets.xcassets */,
				5DCEE6F3275CCC6500C705AE /* Preview Content */,
			);
			path = SwiftUITest;
			sourceTree = "<group>";
		};
		5DCEE6F3275CCC6500C705AE /* Preview Content */ = {
			isa = PBXGroup;
			children = (
				5DCEE6F4275CCC6500C705AE /* Preview Assets.xcassets */,
			);
			path = "Preview Content";
			sourceTree = "<group>";
		};
		5DCEE6FD275CCC6500C705AE /* SwiftUITestTests */ = {
			isa = PBXGroup;
			children = (
				5DCEE6FE275CCC6500C705AE /* SwiftUITestTests.swift */,
			);
			path = SwiftUITestTests;
			sourceTree = "<group>";
		};
		5DCEE707275CCC6600C705AE /* SwiftUITestUITests */ = {
			isa = PBXGroup;
			children = (
				5DCEE708275CCC6600C705AE /* SwiftUITestUITests.swift */,
				5DCEE70A275CCC6600C705AE /* SwiftUITestUITestsLaunchTests.swift */,
			);
			path = SwiftUITestUITests;
			sourceTree = "<group>";
		};
		5DCEE7BF2761DA2800C705AE /* Views */ = {
			isa = PBXGroup;
			children = (
				5DCEE6EF275CCC6500C705AE /* ContentView.swift */,
				5D511BC1279E88ED00FB9EBF /* Landmark */,
				5D511BC0279E887000FB9EBF /* Helpers */,
			);
			path = Views;
			sourceTree = "<group>";
		};
		5DCEE7C02761DA3400C705AE /* Model */ = {
			isa = PBXGroup;
			children = (
				5DCEE71B275CFDAC00C705AE /* Landmark.swift */,
				5DCEE71F275D003B00C705AE /* ModelData.swift */,
			);
			path = Model;
			sourceTree = "<group>";
		};
		5DCEE7C12761DA4A00C705AE /* Resource */ = {
			isa = PBXGroup;
			children = (
				5DCEE71D275CFF3600C705AE /* landmarkData.json */,
			);
			path = Resource;
			sourceTree = "<group>";
		};
/* End PBXGroup section */

/* Begin PBXNativeTarget section */
		5DCEE6E9275CCC6500C705AE /* SwiftUITest */ = {
			isa = PBXNativeTarget;
			buildConfigurationList = 5DCEE70E275CCC6600C705AE /* Build configuration list for PBXNativeTarget "SwiftUITest" */;
			buildPhases = (
				5DCEE6E6275CCC6500C705AE /* Sources */,
				5DCEE6E7275CCC6500C705AE /* Frameworks */,
				5DCEE6E8275CCC6500C705AE /* Resources */,
			);
			buildRules = (
			);
			dependencies = (
			);
			name = SwiftUITest;
			productName = SwiftUITest;
			productReference = 5DCEE6EA275CCC6500C705AE /* SwiftUITest.app */;
			productType = "com.apple.product-type.application";
		};
		5DCEE6F9275CCC6500C705AE /* SwiftUITestTests */ = {
			isa = PBXNativeTarget;
			buildConfigurationList = 5DCEE711275CCC6600C705AE /* Build configuration list for PBXNativeTarget "SwiftUITestTests" */;
			buildPhases = (
				5DCEE6F6275CCC6500C705AE /* Sources */,
				5DCEE6F7275CCC6500C705AE /* Frameworks */,
				5DCEE6F8275CCC6500C705AE /* Resources */,
			);
			buildRules = (
			);
			dependencies = (
				5DCEE6FC275CCC6500C705AE /* PBXTargetDependency */,
			);
			name = SwiftUITestTests;
			productName = SwiftUITestTests;
			productReference = 5DCEE6FA275CCC6500C705AE /* SwiftUITestTests.xctest */;
			productType = "com.apple.product-type.bundle.unit-test";
		};
		5DCEE703275CCC6600C705AE /* SwiftUITestUITests */ = {
			isa = PBXNativeTarget;
			buildConfigurationList = 5DCEE714275CCC6600C705AE /* Build configuration list for PBXNativeTarget "SwiftUITestUITests" */;
			buildPhases = (
				5DCEE700275CCC6600C705AE /* Sources */,
				5DCEE701275CCC6600C705AE /* Frameworks */,
				5DCEE702275CCC6600C705AE /* Resources */,
			);
			buildRules = (
			);
			dependencies = (
				5DCEE706275CCC6600C705AE /* PBXTargetDependency */,
			);
			name = SwiftUITestUITests;
			productName = SwiftUITestUITests;
			productReference = 5DCEE704275CCC6600C705AE /* SwiftUITestUITests.xctest */;
			productType = "com.apple.product-type.bundle.ui-testing";
		};
/* End PBXNativeTarget section */

/* Begin PBXProject section */
		5DCEE6E2275CCC6500C705AE /* Project object */ = {
			isa = PBXProject;
			attributes = {
				BuildIndependentTargetsInParallel = 1;
				LastSwiftUpdateCheck = 1310;
				LastUpgradeCheck = 1310;
				TargetAttributes = {
					5DCEE6E9275CCC6500C705AE = {
						CreatedOnToolsVersion = 13.1;
					};
					5DCEE6F9275CCC6500C705AE = {
						CreatedOnToolsVersion = 13.1;
						TestTargetID = 5DCEE6E9275CCC6500C705AE;
					};
					5DCEE703275CCC6600C705AE = {
						CreatedOnToolsVersion = 13.1;
						TestTargetID = 5DCEE6E9275CCC6500C705AE;
					};
				};
			};
			buildConfigurationList = 5DCEE6E5275CCC6500C705AE /* Build configuration list for PBXProject "SwiftUITest" */;
			compatibilityVersion = "Xcode 13.0";
			developmentRegion = en;
			hasScannedForEncodings = 0;
			knownRegions = (
				en,
				Base,
			);
			mainGroup = 5DCEE6E1275CCC6500C705AE;
			productRefGroup = 5DCEE6EB275CCC6500C705AE /* Products */;
			projectDirPath = "";
			projectRoot = "";
			targets = (
				5DCEE6E9275CCC6500C705AE /* SwiftUITest */,
				5DCEE6F9275CCC6500C705AE /* SwiftUITestTests */,
				5DCEE703275CCC6600C705AE /* SwiftUITestUITests */,
			);
		};
/* End PBXProject section */

/* Begin PBXResourcesBuildPhase section */
		5DCEE6E8275CCC6500C705AE /* Resources */ = {
			isa = PBXResourcesBuildPhase;
			buildActionMask = 2147483647;
			files = (
				5DCEE6F5275CCC6500C705AE /* Preview Assets.xcassets in Resources */,
				5DCEE6F2275CCC6500C705AE /* Assets.xcassets in Resources */,
				5DCEE71E275CFF3600C705AE /* landmarkData.json in Resources */,
			);
			runOnlyForDeploymentPostprocessing = 0;
		};
		5DCEE6F8275CCC6500C705AE /* Resources */ = {
			isa = PBXResourcesBuildPhase;
			buildActionMask = 2147483647;
			files = (
			);
			runOnlyForDeploymentPostprocessing = 0;
		};
		5DCEE702275CCC6600C705AE /* Resources */ = {
			isa = PBXResourcesBuildPhase;
			buildActionMask = 2147483647;
			files = (
			);
			runOnlyForDeploymentPostprocessing = 0;
		};
/* End PBXResourcesBuildPhase section */

/* Begin PBXSourcesBuildPhase section */
		5DCEE6E6275CCC6500C705AE /* Sources */ = {
			isa = PBXSourcesBuildPhase;
			buildActionMask = 2147483647;
			files = (
				5DCEE6F0275CCC6500C705AE /* ContentView.swift in Sources */,
				5DCEE71A275CF88600C705AE /* MapView.swift in Sources */,
				5DCEE6EE275CCC6500C705AE /* SwiftUITestApp.swift in Sources */,
				5D511BBE279E533C00FB9EBF /* FavoriteButton.swift in Sources */,
				5DCEE7C52761DC3500C705AE /* LandmarkList.swift in Sources */,
				5DCEE7C72761E52F00C705AE /* LandmarkDetail.swift in Sources */,
				5DCEE718275CEC2300C705AE /* CircleImage.swift in Sources */,
				5DCEE71C275CFDAC00C705AE /* Landmark.swift in Sources */,
				5DCEE7C32761DA7300C705AE /* LandmarkRow.swift in Sources */,
				5DCEE720275D003B00C705AE /* ModelData.swift in Sources */,
			);
			runOnlyForDeploymentPostprocessing = 0;
		};
		5DCEE6F6275CCC6500C705AE /* Sources */ = {
			isa = PBXSourcesBuildPhase;
			buildActionMask = 2147483647;
			files = (
				5DCEE6FF275CCC6500C705AE /* SwiftUITestTests.swift in Sources */,
			);
			runOnlyForDeploymentPostprocessing = 0;
		};
		5DCEE700275CCC6600C705AE /* Sources */ = {
			isa = PBXSourcesBuildPhase;
			buildActionMask = 2147483647;
			files = (
				5DCEE70B275CCC6600C705AE /* SwiftUITestUITestsLaunchTests.swift in Sources */,
				5DCEE709275CCC6600C705AE /* SwiftUITestUITests.swift in Sources */,
			);
			runOnlyForDeploymentPostprocessing = 0;
		};
/* End PBXSourcesBuildPhase section */

/* Begin PBXTargetDependency section */
		5DCEE6FC275CCC6500C705AE /* PBXTargetDependency */ = {
			isa = PBXTargetDependency;
			target = 5DCEE6E9275CCC6500C705AE /* SwiftUITest */;
			targetProxy = 5DCEE6FB275CCC6500C705AE /* PBXContainerItemProxy */;
		};
		5DCEE706275CCC6600C705AE /* PBXTargetDependency */ = {
			isa = PBXTargetDependency;
			target = 5DCEE6E9275CCC6500C705AE /* SwiftUITest */;
			targetProxy = 5DCEE705275CCC6600C705AE /* PBXContainerItemProxy */;
		};
/* End PBXTargetDependency section */

/* Begin XCBuildConfiguration section */
		5DCEE70C275CCC6600C705AE /* Debug */ = {
			isa = XCBuildConfiguration;
			buildSettings = {
				ALWAYS_SEARCH_USER_PATHS = NO;
				CLANG_ANALYZER_NONNULL = YES;
				CLANG_ANALYZER_NUMBER_OBJECT_CONVERSION = YES_AGGRESSIVE;
				CLANG_CXX_LANGUAGE_STANDARD = "gnu++17";
				CLANG_CXX_LIBRARY = "libc++";
				CLANG_ENABLE_MODULES = YES;
				CLANG_ENABLE_OBJC_ARC = YES;
				CLANG_ENABLE_OBJC_WEAK = YES;
				CLANG_WARN_BLOCK_CAPTURE_AUTORELEASING = YES;
				CLANG_WARN_BOOL_CONVERSION = YES;
				CLANG_WARN_COMMA = YES;
				CLANG_WARN_CONSTANT_CONVERSION = YES;
				CLANG_WARN_DEPRECATED_OBJC_IMPLEMENTATIONS = YES;
				CLANG_WARN_DIRECT_OBJC_ISA_USAGE = YES_ERROR;
				CLANG_WARN_DOCUMENTATION_COMMENTS = YES;
				CLANG_WARN_EMPTY_BODY = YES;
				CLANG_WARN_ENUM_CONVERSION = YES;
				CLANG_WARN_INFINITE_RECURSION = YES;
				CLANG_WARN_INT_CONVERSION = YES;
				CLANG_WARN_NON_LITERAL_NULL_CONVERSION = YES;
				CLANG_WARN_OBJC_IMPLICIT_RETAIN_SELF = YES;
				CLANG_WARN_OBJC_LITERAL_CONVERSION = YES;
				CLANG_WARN_OBJC_ROOT_CLASS = YES_ERROR;
				CLANG_WARN_QUOTED_INCLUDE_IN_FRAMEWORK_HEADER = YES;
				CLANG_WARN_RANGE_LOOP_ANALYSIS = YES;
				CLANG_WARN_STRICT_PROTOTYPES = YES;
				CLANG_WARN_SUSPICIOUS_MOVE = YES;
				CLANG_WARN_UNGUARDED_AVAILABILITY = YES_AGGRESSIVE;
				CLANG_WARN_UNREACHABLE_CODE = YES;
				CLANG_WARN__DUPLICATE_METHOD_MATCH = YES;
				COPY_PHASE_STRIP = NO;
				DEBUG_INFORMATION_FORMAT = dwarf;
				ENABLE_STRICT_OBJC_MSGSEND = YES;
				ENABLE_TESTABILITY = YES;
				GCC_C_LANGUAGE_STANDARD = gnu11;
				GCC_DYNAMIC_NO_PIC = NO;
				GCC_NO_COMMON_BLOCKS = YES;
				GCC_OPTIMIZATION_LEVEL = 0;
				GCC_PREPROCESSOR_DEFINITIONS = (
					"DEBUG=1",
					"$(inherited)",
				);
				GCC_WARN_64_TO_32_BIT_CONVERSION = YES;
				GCC_WARN_ABOUT_RETURN_TYPE = YES_ERROR;
				GCC_WARN_UNDECLARED_SELECTOR = YES;
				GCC_WARN_UNINITIALIZED_AUTOS = YES_AGGRESSIVE;
				GCC_WARN_UNUSED_FUNCTION = YES;
				GCC_WARN_UNUSED_VARIABLE = YES;
				IPHONEOS_DEPLOYMENT_TARGET = 15.0;
				MTL_ENABLE_DEBUG_INFO = INCLUDE_SOURCE;
				MTL_FAST_MATH = YES;
				ONLY_ACTIVE_ARCH = YES;
				SDKROOT = iphoneos;
				SWIFT_ACTIVE_COMPILATION_CONDITIONS = DEBUG;
				SWIFT_OPTIMIZATION_LEVEL = "-Onone";
			};
			name = Debug;
		};
		5DCEE70D275CCC6600C705AE /* Release */ = {
			isa = XCBuildConfiguration;
			buildSettings = {
				ALWAYS_SEARCH_USER_PATHS = NO;
				CLANG_ANALYZER_NONNULL = YES;
				CLANG_ANALYZER_NUMBER_OBJECT_CONVERSION = YES_AGGRESSIVE;
				CLANG_CXX_LANGUAGE_STANDARD = "gnu++17";
				CLANG_CXX_LIBRARY = "libc++";
				CLANG_ENABLE_MODULES = YES;
				CLANG_ENABLE_OBJC_ARC = YES;
				CLANG_ENABLE_OBJC_WEAK = YES;
				CLANG_WARN_BLOCK_CAPTURE_AUTORELEASING = YES;
				CLANG_WARN_BOOL_CONVERSION = YES;
				CLANG_WARN_COMMA = YES;
				CLANG_WARN_CONSTANT_CONVERSION = YES;
				CLANG_WARN_DEPRECATED_OBJC_IMPLEMENTATIONS = YES;
				CLANG_WARN_DIRECT_OBJC_ISA_USAGE = YES_ERROR;
				CLANG_WARN_DOCUMENTATION_COMMENTS = YES;
				CLANG_WARN_EMPTY_BODY = YES;
				CLANG_WARN_ENUM_CONVERSION = YES;
				CLANG_WARN_INFINITE_RECURSION = YES;
				CLANG_WARN_INT_CONVERSION = YES;
				CLANG_WARN_NON_LITERAL_NULL_CONVERSION = YES;
				CLANG_WARN_OBJC_IMPLICIT_RETAIN_SELF = YES;
				CLANG_WARN_OBJC_LITERAL_CONVERSION = YES;
				CLANG_WARN_OBJC_ROOT_CLASS = YES_ERROR;
				CLANG_WARN_QUOTED_INCLUDE_IN_FRAMEWORK_HEADER = YES;
				CLANG_WARN_RANGE_LOOP_ANALYSIS = YES;
				CLANG_WARN_STRICT_PROTOTYPES = YES;
				CLANG_WARN_SUSPICIOUS_MOVE = YES;
				CLANG_WARN_UNGUARDED_AVAILABILITY = YES_AGGRESSIVE;
				CLANG_WARN_UNREACHABLE_CODE = YES;
				CLANG_WARN__DUPLICATE_METHOD_MATCH = YES;
				COPY_PHASE_STRIP = NO;
				DEBUG_INFORMATION_FORMAT = "dwarf-with-dsym";
				ENABLE_NS_ASSERTIONS = NO;
				ENABLE_STRICT_OBJC_MSGSEND = YES;
				GCC_C_LANGUAGE_STANDARD = gnu11;
				GCC_NO_COMMON_BLOCKS = YES;
				GCC_WARN_64_TO_32_BIT_CONVERSION = YES;
				GCC_WARN_ABOUT_RETURN_TYPE = YES_ERROR;
				GCC_WARN_UNDECLARED_SELECTOR = YES;
				GCC_WARN_UNINITIALIZED_AUTOS = YES_AGGRESSIVE;
				GCC_WARN_UNUSED_FUNCTION = YES;
				GCC_WARN_UNUSED_VARIABLE = YES;
				IPHONEOS_DEPLOYMENT_TARGET = 15.0;
				MTL_ENABLE_DEBUG_INFO = NO;
				MTL_FAST_MATH = YES;
				SDKROOT = iphoneos;
				SWIFT_COMPILATION_MODE = wholemodule;
				SWIFT_OPTIMIZATION_LEVEL = "-O";
				VALIDATE_PRODUCT = YES;
			};
			name = Release;
		};
		5DCEE70F275CCC6600C705AE /* Debug */ = {
			isa = XCBuildConfiguration;
			buildSettings = {
				ASSETCATALOG_COMPILER_APPICON_NAME = AppIcon;
				ASSETCATALOG_COMPILER_GLOBAL_ACCENT_COLOR_NAME = AccentColor;
				CODE_SIGN_STYLE = Automatic;
				CURRENT_PROJECT_VERSION = 1;
				DEVELOPMENT_ASSET_PATHS = "\"SwiftUITest/Preview Content\"";
				ENABLE_PREVIEWS = YES;
				GENERATE_INFOPLIST_FILE = YES;
				INFOPLIST_KEY_UIApplicationSceneManifest_Generation = YES;
				INFOPLIST_KEY_UIApplicationSupportsIndirectInputEvents = YES;
				INFOPLIST_KEY_UILaunchScreen_Generation = YES;
				INFOPLIST_KEY_UISupportedInterfaceOrientations_iPad = "UIInterfaceOrientationPortrait UIInterfaceOrientationPortraitUpsideDown UIInterfaceOrientationLandscapeLeft UIInterfaceOrientationLandscapeRight";
				INFOPLIST_KEY_UISupportedInterfaceOrientations_iPhone = "UIInterfaceOrientationPortrait UIInterfaceOrientationLandscapeLeft UIInterfaceOrientationLandscapeRight";
				LD_RUNPATH_SEARCH_PATHS = (
					"$(inherited)",
					"@executable_path/Frameworks",
				);
				MARKETING_VERSION = 1.0;
				PRODUCT_BUNDLE_IDENTIFIER = KT.SwiftUITest;
				PRODUCT_NAME = "$(TARGET_NAME)";
				SWIFT_EMIT_LOC_STRINGS = YES;
				SWIFT_VERSION = 5.0;
				TARGETED_DEVICE_FAMILY = "1,2";
			};
			name = Debug;
		};
		5DCEE710275CCC6600C705AE /* Release */ = {
			isa = XCBuildConfiguration;
			buildSettings = {
				ASSETCATALOG_COMPILER_APPICON_NAME = AppIcon;
				ASSETCATALOG_COMPILER_GLOBAL_ACCENT_COLOR_NAME = AccentColor;
				CODE_SIGN_STYLE = Automatic;
				CURRENT_PROJECT_VERSION = 1;
				DEVELOPMENT_ASSET_PATHS = "\"SwiftUITest/Preview Content\"";
				ENABLE_PREVIEWS = YES;
				GENERATE_INFOPLIST_FILE = YES;
				INFOPLIST_KEY_UIApplicationSceneManifest_Generation = YES;
				INFOPLIST_KEY_UIApplicationSupportsIndirectInputEvents = YES;
				INFOPLIST_KEY_UILaunchScreen_Generation = YES;
				INFOPLIST_KEY_UISupportedInterfaceOrientations_iPad = "UIInterfaceOrientationPortrait UIInterfaceOrientationPortraitUpsideDown UIInterfaceOrientationLandscapeLeft UIInterfaceOrientationLandscapeRight";
				INFOPLIST_KEY_UISupportedInterfaceOrientations_iPhone = "UIInterfaceOrientationPortrait UIInterfaceOrientationLandscapeLeft UIInterfaceOrientationLandscapeRight";
				LD_RUNPATH_SEARCH_PATHS = (
					"$(inherited)",
					"@executable_path/Frameworks",
				);
				MARKETING_VERSION = 1.0;
				PRODUCT_BUNDLE_IDENTIFIER = KT.SwiftUITest;
				PRODUCT_NAME = "$(TARGET_NAME)";
				SWIFT_EMIT_LOC_STRINGS = YES;
				SWIFT_VERSION = 5.0;
				TARGETED_DEVICE_FAMILY = "1,2";
			};
			name = Release;
		};
		5DCEE712275CCC6600C705AE /* Debug */ = {
			isa = XCBuildConfiguration;
			buildSettings = {
				ALWAYS_EMBED_SWIFT_STANDARD_LIBRARIES = YES;
				BUNDLE_LOADER = "$(TEST_HOST)";
				CODE_SIGN_STYLE = Automatic;
				CURRENT_PROJECT_VERSION = 1;
				GENERATE_INFOPLIST_FILE = YES;
				IPHONEOS_DEPLOYMENT_TARGET = 15.0;
				LD_RUNPATH_SEARCH_PATHS = (
					"$(inherited)",
					"@executable_path/Frameworks",
					"@loader_path/Frameworks",
				);
				MARKETING_VERSION = 1.0;
				PRODUCT_BUNDLE_IDENTIFIER = KT.SwiftUITestTests;
				PRODUCT_NAME = "$(TARGET_NAME)";
				SWIFT_EMIT_LOC_STRINGS = NO;
				SWIFT_VERSION = 5.0;
				TARGETED_DEVICE_FAMILY = "1,2";
				TEST_HOST = "$(BUILT_PRODUCTS_DIR)/SwiftUITest.app/SwiftUITest";
			};
			name = Debug;
		};
		5DCEE713275CCC6600C705AE /* Release */ = {
			isa = XCBuildConfiguration;
			buildSettings = {
				ALWAYS_EMBED_SWIFT_STANDARD_LIBRARIES = YES;
				BUNDLE_LOADER = "$(TEST_HOST)";
				CODE_SIGN_STYLE = Automatic;
				CURRENT_PROJECT_VERSION = 1;
				GENERATE_INFOPLIST_FILE = YES;
				IPHONEOS_DEPLOYMENT_TARGET = 15.0;
				LD_RUNPATH_SEARCH_PATHS = (
					"$(inherited)",
					"@executable_path/Frameworks",
					"@loader_path/Frameworks",
				);
				MARKETING_VERSION = 1.0;
				PRODUCT_BUNDLE_IDENTIFIER = KT.SwiftUITestTests;
				PRODUCT_NAME = "$(TARGET_NAME)";
				SWIFT_EMIT_LOC_STRINGS = NO;
				SWIFT_VERSION = 5.0;
				TARGETED_DEVICE_FAMILY = "1,2";
				TEST_HOST = "$(BUILT_PRODUCTS_DIR)/SwiftUITest.app/SwiftUITest";
			};
			name = Release;
		};
		5DCEE715275CCC6600C705AE /* Debug */ = {
			isa = XCBuildConfiguration;
			buildSettings = {
				ALWAYS_EMBED_SWIFT_STANDARD_LIBRARIES = YES;
				CODE_SIGN_STYLE = Automatic;
				CURRENT_PROJECT_VERSION = 1;
				GENERATE_INFOPLIST_FILE = YES;
				LD_RUNPATH_SEARCH_PATHS = (
					"$(inherited)",
					"@executable_path/Frameworks",
					"@loader_path/Frameworks",
				);
				MARKETING_VERSION = 1.0;
				PRODUCT_BUNDLE_IDENTIFIER = KT.SwiftUITestUITests;
				PRODUCT_NAME = "$(TARGET_NAME)";
				SWIFT_EMIT_LOC_STRINGS = NO;
				SWIFT_VERSION = 5.0;
				TARGETED_DEVICE_FAMILY = "1,2";
				TEST_TARGET_NAME = SwiftUITest;
			};
			name = Debug;
		};
		5DCEE716275CCC6600C705AE /* Release */ = {
			isa = XCBuildConfiguration;
			buildSettings = {
				ALWAYS_EMBED_SWIFT_STANDARD_LIBRARIES = YES;
				CODE_SIGN_STYLE = Automatic;
				CURRENT_PROJECT_VERSION = 1;
				GENERATE_INFOPLIST_FILE = YES;
				LD_RUNPATH_SEARCH_PATHS = (
					"$(inherited)",
					"@executable_path/Frameworks",
					"@loader_path/Frameworks",
				);
				MARKETING_VERSION = 1.0;
				PRODUCT_BUNDLE_IDENTIFIER = KT.SwiftUITestUITests;
				PRODUCT_NAME = "$(TARGET_NAME)";
				SWIFT_EMIT_LOC_STRINGS = NO;
				SWIFT_VERSION = 5.0;
				TARGETED_DEVICE_FAMILY = "1,2";
				TEST_TARGET_NAME = SwiftUITest;
			};
			name = Release;
		};
/* End XCBuildConfiguration section */

/* Begin XCConfigurationList section */
		5DCEE6E5275CCC6500C705AE /* Build configuration list for PBXProject "SwiftUITest" */ = {
			isa = XCConfigurationList;
			buildConfigurations = (
				5DCEE70C275CCC6600C705AE /* Debug */,
				5DCEE70D275CCC6600C705AE /* Release */,
			);
			defaultConfigurationIsVisible = 0;
			defaultConfigurationName = Release;
		};
		5DCEE70E275CCC6600C705AE /* Build configuration list for PBXNativeTarget "SwiftUITest" */ = {
			isa = XCConfigurationList;
			buildConfigurations = (
				5DCEE70F275CCC6600C705AE /* Debug */,
				5DCEE710275CCC6600C705AE /* Release */,
			);
			defaultConfigurationIsVisible = 0;
			defaultConfigurationName = Release;
		};
		5DCEE711275CCC6600C705AE /* Build configuration list for PBXNativeTarget "SwiftUITestTests" */ = {
			isa = XCConfigurationList;
			buildConfigurations = (
				5DCEE712275CCC6600C705AE /* Debug */,
				5DCEE713275CCC6600C705AE /* Release */,
			);
			defaultConfigurationIsVisible = 0;
			defaultConfigurationName = Release;
		};
		5DCEE714275CCC6600C705AE /* Build configuration list for PBXNativeTarget "SwiftUITestUITests" */ = {
			isa = XCConfigurationList;
			buildConfigurations = (
				5DCEE715275CCC6600C705AE /* Debug */,
				5DCEE716275CCC6600C705AE /* Release */,
			);
			defaultConfigurationIsVisible = 0;
			defaultConfigurationName = Release;
		};
/* End XCConfigurationList section */
	};
	rootObject = 5DCEE6E2275CCC6500C705AE /* Project object */;
}
